// !$*UTF8*$!
{
	archiveVersion = 1;
	classes = {
	};
	objectVersion = 51;
	objects = {

/* Begin PBXBuildFile section */
		091DB8DE2455F0410035A5CA /* GlobalStatisticCell.swift in Sources */ = {isa = PBXBuildFile; fileRef = 091DB8DC2455F0410035A5CA /* GlobalStatisticCell.swift */; };
		091DB8DF2455F0410035A5CA /* GlobalStatisticCell.xib in Resources */ = {isa = PBXBuildFile; fileRef = 091DB8DD2455F0410035A5CA /* GlobalStatisticCell.xib */; };
		0946B64D2455382A00308A24 /* CountryStatisticViewController.swift in Sources */ = {isa = PBXBuildFile; fileRef = 0946B64C2455382A00308A24 /* CountryStatisticViewController.swift */; };
		0946B64F2455386B00308A24 /* CTLStatisticViewController.swift in Sources */ = {isa = PBXBuildFile; fileRef = 0946B64E2455386B00308A24 /* CTLStatisticViewController.swift */; };
		099A20122458872700D1DDDA /* CountryStatisticCell.swift in Sources */ = {isa = PBXBuildFile; fileRef = 099A20102458872700D1DDDA /* CountryStatisticCell.swift */; };
		099A20132458872700D1DDDA /* CountryStatisticCell.xib in Resources */ = {isa = PBXBuildFile; fileRef = 099A20112458872700D1DDDA /* CountryStatisticCell.xib */; };
		09A4CCF624638AF400D03D0A /* TimeLineStatisticCell.swift in Sources */ = {isa = PBXBuildFile; fileRef = 09A4CCF424638AF400D03D0A /* TimeLineStatisticCell.swift */; };
		09A4CCF724638AF400D03D0A /* TimeLineStatisticCell.xib in Resources */ = {isa = PBXBuildFile; fileRef = 09A4CCF524638AF400D03D0A /* TimeLineStatisticCell.xib */; };
		09A4CCFB2463CB8900D03D0A /* UITextViewAdditions.swift in Sources */ = {isa = PBXBuildFile; fileRef = 09A4CCFA2463CB8900D03D0A /* UITextViewAdditions.swift */; };
		09BA5E1A2454A84A00CC9B36 /* Utilities.swift in Sources */ = {isa = PBXBuildFile; fileRef = 09BA5E192454A84A00CC9B36 /* Utilities.swift */; };
		09BA5E1C2455011300CC9B36 /* Constants.swift in Sources */ = {isa = PBXBuildFile; fileRef = 09BA5E1B2455011300CC9B36 /* Constants.swift */; };
		09BC88C024541AEC000322AD /* Covid19.mp4 in Resources */ = {isa = PBXBuildFile; fileRef = 09BC88BF24541AEC000322AD /* Covid19.mp4 */; };
		09BC88C224541BB0000322AD /* LogInViewController.swift in Sources */ = {isa = PBXBuildFile; fileRef = 09BC88C124541BB0000322AD /* LogInViewController.swift */; };
		09BC88C424541BD2000322AD /* SignInViewController.swift in Sources */ = {isa = PBXBuildFile; fileRef = 09BC88C324541BD2000322AD /* SignInViewController.swift */; };
		09BC88C624541BF9000322AD /* HomeViewController.swift in Sources */ = {isa = PBXBuildFile; fileRef = 09BC88C524541BF9000322AD /* HomeViewController.swift */; };
		09CD4DFB2453EF2E002F75B4 /* AppDelegate.swift in Sources */ = {isa = PBXBuildFile; fileRef = 09CD4DFA2453EF2E002F75B4 /* AppDelegate.swift */; };
		09CD4DFD2453EF2E002F75B4 /* SceneDelegate.swift in Sources */ = {isa = PBXBuildFile; fileRef = 09CD4DFC2453EF2E002F75B4 /* SceneDelegate.swift */; };
		09CD4DFF2453EF2E002F75B4 /* ViewController.swift in Sources */ = {isa = PBXBuildFile; fileRef = 09CD4DFE2453EF2E002F75B4 /* ViewController.swift */; };
		09CD4E022453EF2E002F75B4 /* Main.storyboard in Resources */ = {isa = PBXBuildFile; fileRef = 09CD4E002453EF2E002F75B4 /* Main.storyboard */; };
		09CD4E052453EF2E002F75B4 /* CoronaStatistic.xcdatamodeld in Sources */ = {isa = PBXBuildFile; fileRef = 09CD4E032453EF2E002F75B4 /* CoronaStatistic.xcdatamodeld */; };
		09CD4E072453EF2F002F75B4 /* Assets.xcassets in Resources */ = {isa = PBXBuildFile; fileRef = 09CD4E062453EF2F002F75B4 /* Assets.xcassets */; };
		09CD4E0A2453EF2F002F75B4 /* LaunchScreen.storyboard in Resources */ = {isa = PBXBuildFile; fileRef = 09CD4E082453EF2F002F75B4 /* LaunchScreen.storyboard */; };
		09CD4E122453EF99002F75B4 /* GoogleService-Info.plist in Resources */ = {isa = PBXBuildFile; fileRef = 09CD4E112453EF99002F75B4 /* GoogleService-Info.plist */; };
		17CF7408B88FE831F3D59A52 /* Pods_CoronaStatistic.framework in Frameworks */ = {isa = PBXBuildFile; fileRef = 4479A6938128DB4D05E19FB3 /* Pods_CoronaStatistic.framework */; };
/* End PBXBuildFile section */

/* Begin PBXFileReference section */
		091DB8DC2455F0410035A5CA /* GlobalStatisticCell.swift */ = {isa = PBXFileReference; lastKnownFileType = sourcecode.swift; path = GlobalStatisticCell.swift; sourceTree = "<group>"; };
		091DB8DD2455F0410035A5CA /* GlobalStatisticCell.xib */ = {isa = PBXFileReference; lastKnownFileType = file.xib; path = GlobalStatisticCell.xib; sourceTree = "<group>"; };
		0946B64C2455382A00308A24 /* CountryStatisticViewController.swift */ = {isa = PBXFileReference; lastKnownFileType = sourcecode.swift; path = CountryStatisticViewController.swift; sourceTree = "<group>"; };
		0946B64E2455386B00308A24 /* CTLStatisticViewController.swift */ = {isa = PBXFileReference; lastKnownFileType = sourcecode.swift; path = CTLStatisticViewController.swift; sourceTree = "<group>"; };
		0985A3FC8A2B26CF3F59FBEB /* Pods-CoronaStatistic.debug.xcconfig */ = {isa = PBXFileReference; includeInIndex = 1; lastKnownFileType = text.xcconfig; name = "Pods-CoronaStatistic.debug.xcconfig"; path = "Target Support Files/Pods-CoronaStatistic/Pods-CoronaStatistic.debug.xcconfig"; sourceTree = "<group>"; };
		099A20102458872700D1DDDA /* CountryStatisticCell.swift */ = {isa = PBXFileReference; lastKnownFileType = sourcecode.swift; path = CountryStatisticCell.swift; sourceTree = "<group>"; };
		099A20112458872700D1DDDA /* CountryStatisticCell.xib */ = {isa = PBXFileReference; lastKnownFileType = file.xib; path = CountryStatisticCell.xib; sourceTree = "<group>"; };
		09A4CCF424638AF400D03D0A /* TimeLineStatisticCell.swift */ = {isa = PBXFileReference; lastKnownFileType = sourcecode.swift; path = TimeLineStatisticCell.swift; sourceTree = "<group>"; };
		09A4CCF524638AF400D03D0A /* TimeLineStatisticCell.xib */ = {isa = PBXFileReference; lastKnownFileType = file.xib; path = TimeLineStatisticCell.xib; sourceTree = "<group>"; };
		09A4CCFA2463CB8900D03D0A /* UITextViewAdditions.swift */ = {isa = PBXFileReference; lastKnownFileType = sourcecode.swift; path = UITextViewAdditions.swift; sourceTree = "<group>"; };
		09BA5E192454A84A00CC9B36 /* Utilities.swift */ = {isa = PBXFileReference; lastKnownFileType = sourcecode.swift; path = Utilities.swift; sourceTree = "<group>"; };
		09BA5E1B2455011300CC9B36 /* Constants.swift */ = {isa = PBXFileReference; lastKnownFileType = sourcecode.swift; path = Constants.swift; sourceTree = "<group>"; };
		09BC88BF24541AEC000322AD /* Covid19.mp4 */ = {isa = PBXFileReference; lastKnownFileType = file; path = Covid19.mp4; sourceTree = "<group>"; };
		09BC88C124541BB0000322AD /* LogInViewController.swift */ = {isa = PBXFileReference; lastKnownFileType = sourcecode.swift; path = LogInViewController.swift; sourceTree = "<group>"; };
		09BC88C324541BD2000322AD /* SignInViewController.swift */ = {isa = PBXFileReference; lastKnownFileType = sourcecode.swift; path = SignInViewController.swift; sourceTree = "<group>"; };
		09BC88C524541BF9000322AD /* HomeViewController.swift */ = {isa = PBXFileReference; lastKnownFileType = sourcecode.swift; path = HomeViewController.swift; sourceTree = "<group>"; };
		09CD4DF72453EF2E002F75B4 /* CoronaStatistic.app */ = {isa = PBXFileReference; explicitFileType = wrapper.application; includeInIndex = 0; path = CoronaStatistic.app; sourceTree = BUILT_PRODUCTS_DIR; };
		09CD4DFA2453EF2E002F75B4 /* AppDelegate.swift */ = {isa = PBXFileReference; lastKnownFileType = sourcecode.swift; path = AppDelegate.swift; sourceTree = "<group>"; };
		09CD4DFC2453EF2E002F75B4 /* SceneDelegate.swift */ = {isa = PBXFileReference; lastKnownFileType = sourcecode.swift; path = SceneDelegate.swift; sourceTree = "<group>"; };
		09CD4DFE2453EF2E002F75B4 /* ViewController.swift */ = {isa = PBXFileReference; lastKnownFileType = sourcecode.swift; path = ViewController.swift; sourceTree = "<group>"; };
		09CD4E012453EF2E002F75B4 /* Base */ = {isa = PBXFileReference; lastKnownFileType = file.storyboard; name = Base; path = Base.lproj/Main.storyboard; sourceTree = "<group>"; };
		09CD4E042453EF2E002F75B4 /* CoronaStatistic.xcdatamodel */ = {isa = PBXFileReference; lastKnownFileType = wrapper.xcdatamodel; path = CoronaStatistic.xcdatamodel; sourceTree = "<group>"; };
		09CD4E062453EF2F002F75B4 /* Assets.xcassets */ = {isa = PBXFileReference; lastKnownFileType = folder.assetcatalog; path = Assets.xcassets; sourceTree = "<group>"; };
		09CD4E092453EF2F002F75B4 /* Base */ = {isa = PBXFileReference; lastKnownFileType = file.storyboard; name = Base; path = Base.lproj/LaunchScreen.storyboard; sourceTree = "<group>"; };
		09CD4E0B2453EF2F002F75B4 /* Info.plist */ = {isa = PBXFileReference; lastKnownFileType = text.plist.xml; path = Info.plist; sourceTree = "<group>"; };
		09CD4E112453EF99002F75B4 /* GoogleService-Info.plist */ = {isa = PBXFileReference; fileEncoding = 4; lastKnownFileType = text.plist.xml; path = "GoogleService-Info.plist"; sourceTree = "<group>"; };
		311215D49AB268F905823EF5 /* Pods-CoronaStatistic.release.xcconfig */ = {isa = PBXFileReference; includeInIndex = 1; lastKnownFileType = text.xcconfig; name = "Pods-CoronaStatistic.release.xcconfig"; path = "Target Support Files/Pods-CoronaStatistic/Pods-CoronaStatistic.release.xcconfig"; sourceTree = "<group>"; };
		4479A6938128DB4D05E19FB3 /* Pods_CoronaStatistic.framework */ = {isa = PBXFileReference; explicitFileType = wrapper.framework; includeInIndex = 0; path = Pods_CoronaStatistic.framework; sourceTree = BUILT_PRODUCTS_DIR; };
/* End PBXFileReference section */

/* Begin PBXFrameworksBuildPhase section */
		09CD4DF42453EF2E002F75B4 /* Frameworks */ = {
			isa = PBXFrameworksBuildPhase;
			buildActionMask = 2147483647;
			files = (
				17CF7408B88FE831F3D59A52 /* Pods_CoronaStatistic.framework in Frameworks */,
			);
			runOnlyForDeploymentPostprocessing = 0;
		};
/* End PBXFrameworksBuildPhase section */

/* Begin PBXGroup section */
		09BC88BC24540E7C000322AD /* Media */ = {
			isa = PBXGroup;
			children = (
				09BC88BF24541AEC000322AD /* Covid19.mp4 */,
			);
			path = Media;
			sourceTree = "<group>";
		};
		09BC88C724541C09000322AD /* ViewControllers */ = {
			isa = PBXGroup;
			children = (
				09CD4DFE2453EF2E002F75B4 /* ViewController.swift */,
				09BC88C324541BD2000322AD /* SignInViewController.swift */,
				09BC88C124541BB0000322AD /* LogInViewController.swift */,
				09BC88C524541BF9000322AD /* HomeViewController.swift */,
				0946B64C2455382A00308A24 /* CountryStatisticViewController.swift */,
				0946B64E2455386B00308A24 /* CTLStatisticViewController.swift */,
			);
			path = ViewControllers;
			sourceTree = "<group>";
		};
		09CD4DEE2453EF2E002F75B4 = {
			isa = PBXGroup;
			children = (
				09CD4DF92453EF2E002F75B4 /* CoronaStatistic */,
				09CD4DF82453EF2E002F75B4 /* Products */,
				E2A5B3232E71DB39B051DBE1 /* Pods */,
				AE87457CB620B280321DD791 /* Frameworks */,
			);
			sourceTree = "<group>";
		};
		09CD4DF82453EF2E002F75B4 /* Products */ = {
			isa = PBXGroup;
			children = (
				09CD4DF72453EF2E002F75B4 /* CoronaStatistic.app */,
			);
			name = Products;
			sourceTree = "<group>";
		};
		09CD4DF92453EF2E002F75B4 /* CoronaStatistic */ = {
			isa = PBXGroup;
			children = (
				09F36F0A24556AF20020C04D /* Helpers */,
				09BC88C724541C09000322AD /* ViewControllers */,
				09CD4DFA2453EF2E002F75B4 /* AppDelegate.swift */,
				09CD4DFC2453EF2E002F75B4 /* SceneDelegate.swift */,
				09CD4E002453EF2E002F75B4 /* Main.storyboard */,
				09BC88BC24540E7C000322AD /* Media */,
				09CD4E062453EF2F002F75B4 /* Assets.xcassets */,
				09CD4E082453EF2F002F75B4 /* LaunchScreen.storyboard */,
				09CD4E112453EF99002F75B4 /* GoogleService-Info.plist */,
				09CD4E0B2453EF2F002F75B4 /* Info.plist */,
				09CD4E032453EF2E002F75B4 /* CoronaStatistic.xcdatamodeld */,
			);
			path = CoronaStatistic;
			sourceTree = "<group>";
		};
		09F36F0A24556AF20020C04D /* Helpers */ = {
			isa = PBXGroup;
			children = (
				09BA5E192454A84A00CC9B36 /* Utilities.swift */,
				09BA5E1B2455011300CC9B36 /* Constants.swift */,
				091DB8DC2455F0410035A5CA /* GlobalStatisticCell.swift */,
				091DB8DD2455F0410035A5CA /* GlobalStatisticCell.xib */,
				099A20102458872700D1DDDA /* CountryStatisticCell.swift */,
				099A20112458872700D1DDDA /* CountryStatisticCell.xib */,
				09A4CCF424638AF400D03D0A /* TimeLineStatisticCell.swift */,
				09A4CCF524638AF400D03D0A /* TimeLineStatisticCell.xib */,
				09A4CCFA2463CB8900D03D0A /* UITextViewAdditions.swift */,
			);
			path = Helpers;
			sourceTree = "<group>";
		};
		AE87457CB620B280321DD791 /* Frameworks */ = {
			isa = PBXGroup;
			children = (
				4479A6938128DB4D05E19FB3 /* Pods_CoronaStatistic.framework */,
			);
			name = Frameworks;
			sourceTree = "<group>";
		};
		E2A5B3232E71DB39B051DBE1 /* Pods */ = {
			isa = PBXGroup;
			children = (
				0985A3FC8A2B26CF3F59FBEB /* Pods-CoronaStatistic.debug.xcconfig */,
				311215D49AB268F905823EF5 /* Pods-CoronaStatistic.release.xcconfig */,
			);
			path = Pods;
			sourceTree = "<group>";
		};
/* End PBXGroup section */

/* Begin PBXNativeTarget section */
		09CD4DF62453EF2E002F75B4 /* CoronaStatistic */ = {
			isa = PBXNativeTarget;
			buildConfigurationList = 09CD4E0E2453EF2F002F75B4 /* Build configuration list for PBXNativeTarget "CoronaStatistic" */;
			buildPhases = (
				A11D4CFC6ADDDF3E0AD162A6 /* [CP] Check Pods Manifest.lock */,
				09CD4DF32453EF2E002F75B4 /* Sources */,
				09CD4DF42453EF2E002F75B4 /* Frameworks */,
				09CD4DF52453EF2E002F75B4 /* Resources */,
				A7F5B51688D8A2BCAD2A9B83 /* [CP] Embed Pods Frameworks */,
			);
			buildRules = (
			);
			dependencies = (
			);
			name = CoronaStatistic;
			productName = CoronaStatistic;
			productReference = 09CD4DF72453EF2E002F75B4 /* CoronaStatistic.app */;
			productType = "com.apple.product-type.application";
		};
/* End PBXNativeTarget section */

/* Begin PBXProject section */
		09CD4DEF2453EF2E002F75B4 /* Project object */ = {
			isa = PBXProject;
			attributes = {
				LastSwiftUpdateCheck = 1140;
				LastUpgradeCheck = 1140;
				ORGANIZATIONNAME = "Vardges Gasparyan";
				TargetAttributes = {
					09CD4DF62453EF2E002F75B4 = {
						CreatedOnToolsVersion = 11.4;
					};
				};
			};
			buildConfigurationList = 09CD4DF22453EF2E002F75B4 /* Build configuration list for PBXProject "CoronaStatistic" */;
			compatibilityVersion = "Xcode 9.3";
			developmentRegion = en;
			hasScannedForEncodings = 0;
			knownRegions = (
				en,
				Base,
			);
			mainGroup = 09CD4DEE2453EF2E002F75B4;
			productRefGroup = 09CD4DF82453EF2E002F75B4 /* Products */;
			projectDirPath = "";
			projectRoot = "";
			targets = (
				09CD4DF62453EF2E002F75B4 /* CoronaStatistic */,
			);
		};
/* End PBXProject section */

/* Begin PBXResourcesBuildPhase section */
		09CD4DF52453EF2E002F75B4 /* Resources */ = {
			isa = PBXResourcesBuildPhase;
			buildActionMask = 2147483647;
			files = (
				09CD4E0A2453EF2F002F75B4 /* LaunchScreen.storyboard in Resources */,
				09A4CCF724638AF400D03D0A /* TimeLineStatisticCell.xib in Resources */,
				09CD4E122453EF99002F75B4 /* GoogleService-Info.plist in Resources */,
				09CD4E072453EF2F002F75B4 /* Assets.xcassets in Resources */,
				099A20132458872700D1DDDA /* CountryStatisticCell.xib in Resources */,
				09BC88C024541AEC000322AD /* Covid19.mp4 in Resources */,
				09CD4E022453EF2E002F75B4 /* Main.storyboard in Resources */,
				091DB8DF2455F0410035A5CA /* GlobalStatisticCell.xib in Resources */,
			);
			runOnlyForDeploymentPostprocessing = 0;
		};
/* End PBXResourcesBuildPhase section */

/* Begin PBXShellScriptBuildPhase section */
		A11D4CFC6ADDDF3E0AD162A6 /* [CP] Check Pods Manifest.lock */ = {
			isa = PBXShellScriptBuildPhase;
			buildActionMask = 2147483647;
			files = (
			);
			inputFileListPaths = (
			);
			inputPaths = (
				"${PODS_PODFILE_DIR_PATH}/Podfile.lock",
				"${PODS_ROOT}/Manifest.lock",
			);
			name = "[CP] Check Pods Manifest.lock";
			outputFileListPaths = (
			);
			outputPaths = (
				"$(DERIVED_FILE_DIR)/Pods-CoronaStatistic-checkManifestLockResult.txt",
			);
			runOnlyForDeploymentPostprocessing = 0;
			shellPath = /bin/sh;
			shellScript = "diff \"${PODS_PODFILE_DIR_PATH}/Podfile.lock\" \"${PODS_ROOT}/Manifest.lock\" > /dev/null\nif [ $? != 0 ] ; then\n    # print error to STDERR\n    echo \"error: The sandbox is not in sync with the Podfile.lock. Run 'pod install' or update your CocoaPods installation.\" >&2\n    exit 1\nfi\n# This output is used by Xcode 'outputs' to avoid re-running this script phase.\necho \"SUCCESS\" > \"${SCRIPT_OUTPUT_FILE_0}\"\n";
			showEnvVarsInLog = 0;
		};
		A7F5B51688D8A2BCAD2A9B83 /* [CP] Embed Pods Frameworks */ = {
			isa = PBXShellScriptBuildPhase;
			buildActionMask = 2147483647;
			files = (
			);
			inputFileListPaths = (
				"${PODS_ROOT}/Target Support Files/Pods-CoronaStatistic/Pods-CoronaStatistic-frameworks-${CONFIGURATION}-input-files.xcfilelist",
			);
			name = "[CP] Embed Pods Frameworks";
			outputFileListPaths = (
				"${PODS_ROOT}/Target Support Files/Pods-CoronaStatistic/Pods-CoronaStatistic-frameworks-${CONFIGURATION}-output-files.xcfilelist",
			);
			runOnlyForDeploymentPostprocessing = 0;
			shellPath = /bin/sh;
			shellScript = "\"${PODS_ROOT}/Target Support Files/Pods-CoronaStatistic/Pods-CoronaStatistic-frameworks.sh\"\n";
			showEnvVarsInLog = 0;
		};
/* End PBXShellScriptBuildPhase section */

/* Begin PBXSourcesBuildPhase section */
		09CD4DF32453EF2E002F75B4 /* Sources */ = {
			isa = PBXSourcesBuildPhase;
			buildActionMask = 2147483647;
			files = (
				09CD4DFF2453EF2E002F75B4 /* ViewController.swift in Sources */,
				091DB8DE2455F0410035A5CA /* GlobalStatisticCell.swift in Sources */,
				09CD4DFB2453EF2E002F75B4 /* AppDelegate.swift in Sources */,
				0946B64D2455382A00308A24 /* CountryStatisticViewController.swift in Sources */,
				09BC88C424541BD2000322AD /* SignInViewController.swift in Sources */,
				09CD4E052453EF2E002F75B4 /* CoronaStatistic.xcdatamodeld in Sources */,
				09BC88C224541BB0000322AD /* LogInViewController.swift in Sources */,
				09A4CCF624638AF400D03D0A /* TimeLineStatisticCell.swift in Sources */,
				09BC88C624541BF9000322AD /* HomeViewController.swift in Sources */,
				09BA5E1A2454A84A00CC9B36 /* Utilities.swift in Sources */,
				099A20122458872700D1DDDA /* CountryStatisticCell.swift in Sources */,
				0946B64F2455386B00308A24 /* CTLStatisticViewController.swift in Sources */,
				09CD4DFD2453EF2E002F75B4 /* SceneDelegate.swift in Sources */,
				09A4CCFB2463CB8900D03D0A /* UITextViewAdditions.swift in Sources */,
				09BA5E1C2455011300CC9B36 /* Constants.swift in Sources */,
			);
			runOnlyForDeploymentPostprocessing = 0;
		};
/* End PBXSourcesBuildPhase section */

/* Begin PBXVariantGroup section */
		09CD4E002453EF2E002F75B4 /* Main.storyboard */ = {
			isa = PBXVariantGroup;
			children = (
				09CD4E012453EF2E002F75B4 /* Base */,
			);
			name = Main.storyboard;
			sourceTree = "<group>";
		};
		09CD4E082453EF2F002F75B4 /* LaunchScreen.storyboard */ = {
			isa = PBXVariantGroup;
			children = (
				09CD4E092453EF2F002F75B4 /* Base */,
			);
			name = LaunchScreen.storyboard;
			sourceTree = "<group>";
		};
/* End PBXVariantGroup section */

/* Begin XCBuildConfiguration section */
		09CD4E0C2453EF2F002F75B4 /* Debug */ = {
			isa = XCBuildConfiguration;
			buildSettings = {
				ALWAYS_SEARCH_USER_PATHS = NO;
				CLANG_ANALYZER_NONNULL = YES;
				CLANG_ANALYZER_NUMBER_OBJECT_CONVERSION = YES_AGGRESSIVE;
				CLANG_CXX_LANGUAGE_STANDARD = "gnu++14";
				CLANG_CXX_LIBRARY = "libc++";
				CLANG_ENABLE_MODULES = YES;
				CLANG_ENABLE_OBJC_ARC = YES;
				CLANG_ENABLE_OBJC_WEAK = YES;
				CLANG_WARN_BLOCK_CAPTURE_AUTORELEASING = YES;
				CLANG_WARN_BOOL_CONVERSION = YES;
				CLANG_WARN_COMMA = YES;
				CLANG_WARN_CONSTANT_CONVERSION = YES;
				CLANG_WARN_DEPRECATED_OBJC_IMPLEMENTATIONS = YES;
				CLANG_WARN_DIRECT_OBJC_ISA_USAGE = YES_ERROR;
				CLANG_WARN_DOCUMENTATION_COMMENTS = YES;
				CLANG_WARN_EMPTY_BODY = YES;
				CLANG_WARN_ENUM_CONVERSION = YES;
				CLANG_WARN_INFINITE_RECURSION = YES;
				CLANG_WARN_INT_CONVERSION = YES;
				CLANG_WARN_NON_LITERAL_NULL_CONVERSION = YES;
				CLANG_WARN_OBJC_IMPLICIT_RETAIN_SELF = YES;
				CLANG_WARN_OBJC_LITERAL_CONVERSION = YES;
				CLANG_WARN_OBJC_ROOT_CLASS = YES_ERROR;
				CLANG_WARN_RANGE_LOOP_ANALYSIS = YES;
				CLANG_WARN_STRICT_PROTOTYPES = YES;
				CLANG_WARN_SUSPICIOUS_MOVE = YES;
				CLANG_WARN_UNGUARDED_AVAILABILITY = YES_AGGRESSIVE;
				CLANG_WARN_UNREACHABLE_CODE = YES;
				CLANG_WARN__DUPLICATE_METHOD_MATCH = YES;
				COPY_PHASE_STRIP = NO;
				DEBUG_INFORMATION_FORMAT = dwarf;
				ENABLE_STRICT_OBJC_MSGSEND = YES;
				ENABLE_TESTABILITY = YES;
				GCC_C_LANGUAGE_STANDARD = gnu11;
				GCC_DYNAMIC_NO_PIC = NO;
				GCC_NO_COMMON_BLOCKS = YES;
				GCC_OPTIMIZATION_LEVEL = 0;
				GCC_PREPROCESSOR_DEFINITIONS = (
					"DEBUG=1",
					"$(inherited)",
				);
				GCC_WARN_64_TO_32_BIT_CONVERSION = YES;
				GCC_WARN_ABOUT_RETURN_TYPE = YES_ERROR;
				GCC_WARN_UNDECLARED_SELECTOR = YES;
				GCC_WARN_UNINITIALIZED_AUTOS = YES_AGGRESSIVE;
				GCC_WARN_UNUSED_FUNCTION = YES;
				GCC_WARN_UNUSED_VARIABLE = YES;
				IPHONEOS_DEPLOYMENT_TARGET = 13.4;
				MTL_ENABLE_DEBUG_INFO = INCLUDE_SOURCE;
				MTL_FAST_MATH = YES;
				ONLY_ACTIVE_ARCH = YES;
				SDKROOT = iphoneos;
				SWIFT_ACTIVE_COMPILATION_CONDITIONS = DEBUG;
				SWIFT_OPTIMIZATION_LEVEL = "-Onone";
			};
			name = Debug;
		};
		09CD4E0D2453EF2F002F75B4 /* Release */ = {
			isa = XCBuildConfiguration;
			buildSettings = {
				ALWAYS_SEARCH_USER_PATHS = NO;
				CLANG_ANALYZER_NONNULL = YES;
				CLANG_ANALYZER_NUMBER_OBJECT_CONVERSION = YES_AGGRESSIVE;
				CLANG_CXX_LANGUAGE_STANDARD = "gnu++14";
				CLANG_CXX_LIBRARY = "libc++";
				CLANG_ENABLE_MODULES = YES;
				CLANG_ENABLE_OBJC_ARC = YES;
				CLANG_ENABLE_OBJC_WEAK = YES;
				CLANG_WARN_BLOCK_CAPTURE_AUTORELEASING = YES;
				CLANG_WARN_BOOL_CONVERSION = YES;
				CLANG_WARN_COMMA = YES;
				CLANG_WARN_CONSTANT_CONVERSION = YES;
				CLANG_WARN_DEPRECATED_OBJC_IMPLEMENTATIONS = YES;
				CLANG_WARN_DIRECT_OBJC_ISA_USAGE = YES_ERROR;
				CLANG_WARN_DOCUMENTATION_COMMENTS = YES;
				CLANG_WARN_EMPTY_BODY = YES;
				CLANG_WARN_ENUM_CONVERSION = YES;
				CLANG_WARN_INFINITE_RECURSION = YES;
				CLANG_WARN_INT_CONVERSION = YES;
				CLANG_WARN_NON_LITERAL_NULL_CONVERSION = YES;
				CLANG_WARN_OBJC_IMPLICIT_RETAIN_SELF = YES;
				CLANG_WARN_OBJC_LITERAL_CONVERSION = YES;
				CLANG_WARN_OBJC_ROOT_CLASS = YES_ERROR;
				CLANG_WARN_RANGE_LOOP_ANALYSIS = YES;
				CLANG_WARN_STRICT_PROTOTYPES = YES;
				CLANG_WARN_SUSPICIOUS_MOVE = YES;
				CLANG_WARN_UNGUARDED_AVAILABILITY = YES_AGGRESSIVE;
				CLANG_WARN_UNREACHABLE_CODE = YES;
				CLANG_WARN__DUPLICATE_METHOD_MATCH = YES;
				COPY_PHASE_STRIP = NO;
				DEBUG_INFORMATION_FORMAT = "dwarf-with-dsym";
				ENABLE_NS_ASSERTIONS = NO;
				ENABLE_STRICT_OBJC_MSGSEND = YES;
				GCC_C_LANGUAGE_STANDARD = gnu11;
				GCC_NO_COMMON_BLOCKS = YES;
				GCC_WARN_64_TO_32_BIT_CONVERSION = YES;
				GCC_WARN_ABOUT_RETURN_TYPE = YES_ERROR;
				GCC_WARN_UNDECLARED_SELECTOR = YES;
				GCC_WARN_UNINITIALIZED_AUTOS = YES_AGGRESSIVE;
				GCC_WARN_UNUSED_FUNCTION = YES;
				GCC_WARN_UNUSED_VARIABLE = YES;
				IPHONEOS_DEPLOYMENT_TARGET = 13.4;
				MTL_ENABLE_DEBUG_INFO = NO;
				MTL_FAST_MATH = YES;
				SDKROOT = iphoneos;
				SWIFT_COMPILATION_MODE = wholemodule;
				SWIFT_OPTIMIZATION_LEVEL = "-O";
				VALIDATE_PRODUCT = YES;
			};
			name = Release;
		};
		09CD4E0F2453EF2F002F75B4 /* Debug */ = {
			isa = XCBuildConfiguration;
			baseConfigurationReference = 0985A3FC8A2B26CF3F59FBEB /* Pods-CoronaStatistic.debug.xcconfig */;
			buildSettings = {
				ASSETCATALOG_COMPILER_APPICON_NAME = AppIcon;
				CODE_SIGN_STYLE = Automatic;
				DEVELOPMENT_TEAM = D2C435SLPG;
				INFOPLIST_FILE = CoronaStatistic/Info.plist;
				LD_RUNPATH_SEARCH_PATHS = (
					"$(inherited)",
					"@executable_path/Frameworks",
				);
				PRODUCT_BUNDLE_IDENTIFIER = ca.vgstudio.CoronaStatistic;
				PRODUCT_NAME = "$(TARGET_NAME)";
				SWIFT_VERSION = 5.0;
				TARGETED_DEVICE_FAMILY = 1;
			};
			name = Debug;
		};
		09CD4E102453EF2F002F75B4 /* Release */ = {
			isa = XCBuildConfiguration;
			baseConfigurationReference = 311215D49AB268F905823EF5 /* Pods-CoronaStatistic.release.xcconfig */;
			buildSettings = {
				ASSETCATALOG_COMPILER_APPICON_NAME = AppIcon;
				CODE_SIGN_STYLE = Automatic;
				DEVELOPMENT_TEAM = D2C435SLPG;
				INFOPLIST_FILE = CoronaStatistic/Info.plist;
				LD_RUNPATH_SEARCH_PATHS = (
					"$(inherited)",
					"@executable_path/Frameworks",
				);
				PRODUCT_BUNDLE_IDENTIFIER = ca.vgstudio.CoronaStatistic;
				PRODUCT_NAME = "$(TARGET_NAME)";
				SWIFT_VERSION = 5.0;
				TARGETED_DEVICE_FAMILY = 1;
			};
			name = Release;
		};
/* End XCBuildConfiguration section */

/* Begin XCConfigurationList section */
		09CD4DF22453EF2E002F75B4 /* Build configuration list for PBXProject "CoronaStatistic" */ = {
			isa = XCConfigurationList;
			buildConfigurations = (
				09CD4E0C2453EF2F002F75B4 /* Debug */,
				09CD4E0D2453EF2F002F75B4 /* Release */,
			);
			defaultConfigurationIsVisible = 0;
			defaultConfigurationName = Release;
		};
		09CD4E0E2453EF2F002F75B4 /* Build configuration list for PBXNativeTarget "CoronaStatistic" */ = {
			isa = XCConfigurationList;
			buildConfigurations = (
				09CD4E0F2453EF2F002F75B4 /* Debug */,
				09CD4E102453EF2F002F75B4 /* Release */,
			);
			defaultConfigurationIsVisible = 0;
			defaultConfigurationName = Release;
		};
/* End XCConfigurationList section */

/* Begin XCVersionGroup section */
		09CD4E032453EF2E002F75B4 /* CoronaStatistic.xcdatamodeld */ = {
			isa = XCVersionGroup;
			children = (
				09CD4E042453EF2E002F75B4 /* CoronaStatistic.xcdatamodel */,
			);
			currentVersion = 09CD4E042453EF2E002F75B4 /* CoronaStatistic.xcdatamodel */;
			path = CoronaStatistic.xcdatamodeld;
			sourceTree = "<group>";
			versionGroupType = wrapper.xcdatamodel;
		};
/* End XCVersionGroup section */
	};
	rootObject = 09CD4DEF2453EF2E002F75B4 /* Project object */;
}
